// !$*UTF8*$!
{
	archiveVersion = 1;
	classes = {
	};
	objectVersion = 50;
	objects = {

/* Begin PBXBuildFile section */
		91FA71F05227BFEFEE323DFD /* Pods_Toolbox.framework in Frameworks */ = {isa = PBXBuildFile; fileRef = 37ECAE8B045DE4789B197A7A /* Pods_Toolbox.framework */; };
		C5255CA820F72BCC0037670C /* Feature.swift in Sources */ = {isa = PBXBuildFile; fileRef = C5255CA720F72BCC0037670C /* Feature.swift */; };
		C52922DC20F7260300A971F3 /* FeatureCollectionViewCell.swift in Sources */ = {isa = PBXBuildFile; fileRef = C52922DB20F7260300A971F3 /* FeatureCollectionViewCell.swift */; };
		C5B316C120ECB00000AF6C9E /* AppDelegate.swift in Sources */ = {isa = PBXBuildFile; fileRef = C5B316C020ECB00000AF6C9E /* AppDelegate.swift */; };
		C5B316C320ECB00000AF6C9E /* MainViewController.swift in Sources */ = {isa = PBXBuildFile; fileRef = C5B316C220ECB00000AF6C9E /* MainViewController.swift */; };
		C5B316C620ECB00000AF6C9E /* Main.storyboard in Resources */ = {isa = PBXBuildFile; fileRef = C5B316C420ECB00000AF6C9E /* Main.storyboard */; };
		C5B316C820ECB00100AF6C9E /* Assets.xcassets in Resources */ = {isa = PBXBuildFile; fileRef = C5B316C720ECB00100AF6C9E /* Assets.xcassets */; };
		C5B316CB20ECB00100AF6C9E /* LaunchScreen.storyboard in Resources */ = {isa = PBXBuildFile; fileRef = C5B316C920ECB00100AF6C9E /* LaunchScreen.storyboard */; };
/* End PBXBuildFile section */

/* Begin PBXFileReference section */
		2F0CE72FCEDD6488B7FB0399 /* Pods-Toolbox.debug.xcconfig */ = {isa = PBXFileReference; includeInIndex = 1; lastKnownFileType = text.xcconfig; name = "Pods-Toolbox.debug.xcconfig"; path = "Pods/Target Support Files/Pods-Toolbox/Pods-Toolbox.debug.xcconfig"; sourceTree = "<group>"; };
		37ECAE8B045DE4789B197A7A /* Pods_Toolbox.framework */ = {isa = PBXFileReference; explicitFileType = wrapper.framework; includeInIndex = 0; path = Pods_Toolbox.framework; sourceTree = BUILT_PRODUCTS_DIR; };
		C5255CA720F72BCC0037670C /* Feature.swift */ = {isa = PBXFileReference; lastKnownFileType = sourcecode.swift; path = Feature.swift; sourceTree = "<group>"; };
		C52922DB20F7260300A971F3 /* FeatureCollectionViewCell.swift */ = {isa = PBXFileReference; lastKnownFileType = sourcecode.swift; path = FeatureCollectionViewCell.swift; sourceTree = "<group>"; };
		C5B316BD20ECB00000AF6C9E /* Toolbox.app */ = {isa = PBXFileReference; explicitFileType = wrapper.application; includeInIndex = 0; path = Toolbox.app; sourceTree = BUILT_PRODUCTS_DIR; };
		C5B316C020ECB00000AF6C9E /* AppDelegate.swift */ = {isa = PBXFileReference; lastKnownFileType = sourcecode.swift; path = AppDelegate.swift; sourceTree = "<group>"; };
		C5B316C220ECB00000AF6C9E /* MainViewController.swift */ = {isa = PBXFileReference; lastKnownFileType = sourcecode.swift; path = MainViewController.swift; sourceTree = "<group>"; };
		C5B316C520ECB00000AF6C9E /* Base */ = {isa = PBXFileReference; lastKnownFileType = file.storyboard; name = Base; path = Base.lproj/Main.storyboard; sourceTree = "<group>"; };
		C5B316C720ECB00100AF6C9E /* Assets.xcassets */ = {isa = PBXFileReference; lastKnownFileType = folder.assetcatalog; path = Assets.xcassets; sourceTree = "<group>"; };
		C5B316CA20ECB00100AF6C9E /* Base */ = {isa = PBXFileReference; lastKnownFileType = file.storyboard; name = Base; path = Base.lproj/LaunchScreen.storyboard; sourceTree = "<group>"; };
		C5B316CC20ECB00100AF6C9E /* Info.plist */ = {isa = PBXFileReference; lastKnownFileType = text.plist.xml; path = Info.plist; sourceTree = "<group>"; };
		F526EF1EF3B0A2C5A35D2A57 /* Pods-Toolbox.release.xcconfig */ = {isa = PBXFileReference; includeInIndex = 1; lastKnownFileType = text.xcconfig; name = "Pods-Toolbox.release.xcconfig"; path = "Pods/Target Support Files/Pods-Toolbox/Pods-Toolbox.release.xcconfig"; sourceTree = "<group>"; };
/* End PBXFileReference section */

/* Begin PBXFrameworksBuildPhase section */
		C5B316BA20ECB00000AF6C9E /* Frameworks */ = {
			isa = PBXFrameworksBuildPhase;
			buildActionMask = 2147483647;
			files = (
				91FA71F05227BFEFEE323DFD /* Pods_Toolbox.framework in Frameworks */,
			);
			runOnlyForDeploymentPostprocessing = 0;
		};
/* End PBXFrameworksBuildPhase section */

/* Begin PBXGroup section */
		126CFB0399D306D51B685958 /* Pods */ = {
			isa = PBXGroup;
			children = (
				2F0CE72FCEDD6488B7FB0399 /* Pods-Toolbox.debug.xcconfig */,
				F526EF1EF3B0A2C5A35D2A57 /* Pods-Toolbox.release.xcconfig */,
			);
			name = Pods;
			sourceTree = "<group>";
		};
		1BD2F71F090C3F1AF77051AA /* Frameworks */ = {
			isa = PBXGroup;
			children = (
				37ECAE8B045DE4789B197A7A /* Pods_Toolbox.framework */,
			);
			name = Frameworks;
			sourceTree = "<group>";
		};
		C5255CA620F72B9D0037670C /* Models */ = {
			isa = PBXGroup;
			children = (
				C5255CA720F72BCC0037670C /* Feature.swift */,
			);
			path = Models;
			sourceTree = "<group>";
		};
		C5B316B420ECB00000AF6C9E = {
			isa = PBXGroup;
			children = (
				C5B316BF20ECB00000AF6C9E /* Toolbox */,
				C5B316BE20ECB00000AF6C9E /* Products */,
				126CFB0399D306D51B685958 /* Pods */,
				1BD2F71F090C3F1AF77051AA /* Frameworks */,
			);
			sourceTree = "<group>";
		};
		C5B316BE20ECB00000AF6C9E /* Products */ = {
			isa = PBXGroup;
			children = (
				C5B316BD20ECB00000AF6C9E /* Toolbox.app */,
			);
			name = Products;
			sourceTree = "<group>";
		};
		C5B316BF20ECB00000AF6C9E /* Toolbox */ = {
			isa = PBXGroup;
			children = (
				C5B316CC20ECB00100AF6C9E /* Info.plist */,
				C5B316C020ECB00000AF6C9E /* AppDelegate.swift */,
				C5B316C720ECB00100AF6C9E /* Assets.xcassets */,
				C5B316C920ECB00100AF6C9E /* LaunchScreen.storyboard */,
				C5DD302920EE4009004945D4 /* Main */,
				C5255CA620F72B9D0037670C /* Models */,
			);
			path = Toolbox;
			sourceTree = "<group>";
		};
		C5DD302920EE4009004945D4 /* Main */ = {
			isa = PBXGroup;
			children = (
				C5B316C420ECB00000AF6C9E /* Main.storyboard */,
				C5B316C220ECB00000AF6C9E /* MainViewController.swift */,
				C52922DB20F7260300A971F3 /* FeatureCollectionViewCell.swift */,
			);
			path = Main;
			sourceTree = "<group>";
		};
/* End PBXGroup section */

/* Begin PBXNativeTarget section */
		C5B316BC20ECB00000AF6C9E /* Toolbox */ = {
			isa = PBXNativeTarget;
			buildConfigurationList = C5B316CF20ECB00100AF6C9E /* Build configuration list for PBXNativeTarget "Toolbox" */;
			buildPhases = (
				B932D9B308A0EADADBF17519 /* [CP] Check Pods Manifest.lock */,
				C5B316B920ECB00000AF6C9E /* Sources */,
				C5B316BA20ECB00000AF6C9E /* Frameworks */,
				C5B316BB20ECB00000AF6C9E /* Resources */,
				370AA26F080EC9C7632D8BAD /* [CP] Embed Pods Frameworks */,
			);
			buildRules = (
			);
			dependencies = (
			);
			name = Toolbox;
			productName = Toolbox;
			productReference = C5B316BD20ECB00000AF6C9E /* Toolbox.app */;
			productType = "com.apple.product-type.application";
		};
/* End PBXNativeTarget section */

/* Begin PBXProject section */
		C5B316B520ECB00000AF6C9E /* Project object */ = {
			isa = PBXProject;
			attributes = {
				LastSwiftUpdateCheck = 0940;
				LastUpgradeCheck = 0940;
				ORGANIZATIONNAME = "Dantong Jin";
				TargetAttributes = {
					C5B316BC20ECB00000AF6C9E = {
						CreatedOnToolsVersion = 9.4.1;
					};
				};
			};
			buildConfigurationList = C5B316B820ECB00000AF6C9E /* Build configuration list for PBXProject "Toolbox" */;
			compatibilityVersion = "Xcode 9.3";
			developmentRegion = en;
			hasScannedForEncodings = 0;
			knownRegions = (
				en,
				Base,
			);
			mainGroup = C5B316B420ECB00000AF6C9E;
			productRefGroup = C5B316BE20ECB00000AF6C9E /* Products */;
			projectDirPath = "";
			projectRoot = "";
			targets = (
				C5B316BC20ECB00000AF6C9E /* Toolbox */,
			);
		};
/* End PBXProject section */

/* Begin PBXResourcesBuildPhase section */
		C5B316BB20ECB00000AF6C9E /* Resources */ = {
			isa = PBXResourcesBuildPhase;
			buildActionMask = 2147483647;
			files = (
				C5B316CB20ECB00100AF6C9E /* LaunchScreen.storyboard in Resources */,
				C5B316C820ECB00100AF6C9E /* Assets.xcassets in Resources */,
				C5B316C620ECB00000AF6C9E /* Main.storyboard in Resources */,
			);
			runOnlyForDeploymentPostprocessing = 0;
		};
/* End PBXResourcesBuildPhase section */

/* Begin PBXShellScriptBuildPhase section */
		370AA26F080EC9C7632D8BAD /* [CP] Embed Pods Frameworks */ = {
			isa = PBXShellScriptBuildPhase;
			buildActionMask = 2147483647;
			files = (
			);
			inputPaths = (
				"${SRCROOT}/Pods/Target Support Files/Pods-Toolbox/Pods-Toolbox-frameworks.sh",
				"${BUILT_PRODUCTS_DIR}/Cards/Cards.framework",
				"${BUILT_PRODUCTS_DIR}/Player/Player.framework",
			);
			name = "[CP] Embed Pods Frameworks";
			outputPaths = (
				"${TARGET_BUILD_DIR}/${FRAMEWORKS_FOLDER_PATH}/Cards.framework",
				"${TARGET_BUILD_DIR}/${FRAMEWORKS_FOLDER_PATH}/Player.framework",
			);
			runOnlyForDeploymentPostprocessing = 0;
			shellPath = /bin/sh;
			shellScript = "\"${SRCROOT}/Pods/Target Support Files/Pods-Toolbox/Pods-Toolbox-frameworks.sh\"\n";
			showEnvVarsInLog = 0;
		};
		B932D9B308A0EADADBF17519 /* [CP] Check Pods Manifest.lock */ = {
			isa = PBXShellScriptBuildPhase;
			buildActionMask = 2147483647;
			files = (
			);
			inputPaths = (
				"${PODS_PODFILE_DIR_PATH}/Podfile.lock",
				"${PODS_ROOT}/Manifest.lock",
			);
			name = "[CP] Check Pods Manifest.lock";
			outputPaths = (
				"$(DERIVED_FILE_DIR)/Pods-Toolbox-checkManifestLockResult.txt",
			);
			runOnlyForDeploymentPostprocessing = 0;
			shellPath = /bin/sh;
			shellScript = "diff \"${PODS_PODFILE_DIR_PATH}/Podfile.lock\" \"${PODS_ROOT}/Manifest.lock\" > /dev/null\nif [ $? != 0 ] ; then\n    # print error to STDERR\n    echo \"error: The sandbox is not in sync with the Podfile.lock. Run 'pod install' or update your CocoaPods installation.\" >&2\n    exit 1\nfi\n# This output is used by Xcode 'outputs' to avoid re-running this script phase.\necho \"SUCCESS\" > \"${SCRIPT_OUTPUT_FILE_0}\"\n";
			showEnvVarsInLog = 0;
		};
/* End PBXShellScriptBuildPhase section */

/* Begin PBXSourcesBuildPhase section */
		C5B316B920ECB00000AF6C9E /* Sources */ = {
			isa = PBXSourcesBuildPhase;
			buildActionMask = 2147483647;
			files = (
				C5255CA820F72BCC0037670C /* Feature.swift in Sources */,
				C5B316C320ECB00000AF6C9E /* MainViewController.swift in Sources */,
				C5B316C120ECB00000AF6C9E /* AppDelegate.swift in Sources */,
				C52922DC20F7260300A971F3 /* FeatureCollectionViewCell.swift in Sources */,
			);
			runOnlyForDeploymentPostprocessing = 0;
		};
/* End PBXSourcesBuildPhase section */

/* Begin PBXVariantGroup section */
		C5B316C420ECB00000AF6C9E /* Main.storyboard */ = {
			isa = PBXVariantGroup;
			children = (
				C5B316C520ECB00000AF6C9E /* Base */,
			);
			name = Main.storyboard;
			sourceTree = "<group>";
		};
		C5B316C920ECB00100AF6C9E /* LaunchScreen.storyboard */ = {
			isa = PBXVariantGroup;
			children = (
				C5B316CA20ECB00100AF6C9E /* Base */,
			);
			name = LaunchScreen.storyboard;
			sourceTree = "<group>";
		};
/* End PBXVariantGroup section */

/* Begin XCBuildConfiguration section */
		C5B316CD20ECB00100AF6C9E /* Debug */ = {
			isa = XCBuildConfiguration;
			buildSettings = {
				ALWAYS_SEARCH_USER_PATHS = NO;
				CLANG_ANALYZER_NONNULL = YES;
				CLANG_ANALYZER_NUMBER_OBJECT_CONVERSION = YES_AGGRESSIVE;
				CLANG_CXX_LANGUAGE_STANDARD = "gnu++14";
				CLANG_CXX_LIBRARY = "libc++";
				CLANG_ENABLE_MODULES = YES;
				CLANG_ENABLE_OBJC_ARC = YES;
				CLANG_ENABLE_OBJC_WEAK = YES;
				CLANG_WARN_BLOCK_CAPTURE_AUTORELEASING = YES;
				CLANG_WARN_BOOL_CONVERSION = YES;
				CLANG_WARN_COMMA = YES;
				CLANG_WARN_CONSTANT_CONVERSION = YES;
				CLANG_WARN_DEPRECATED_OBJC_IMPLEMENTATIONS = YES;
				CLANG_WARN_DIRECT_OBJC_ISA_USAGE = YES_ERROR;
				CLANG_WARN_DOCUMENTATION_COMMENTS = YES;
				CLANG_WARN_EMPTY_BODY = YES;
				CLANG_WARN_ENUM_CONVERSION = YES;
				CLANG_WARN_INFINITE_RECURSION = YES;
				CLANG_WARN_INT_CONVERSION = YES;
				CLANG_WARN_NON_LITERAL_NULL_CONVERSION = YES;
				CLANG_WARN_OBJC_IMPLICIT_RETAIN_SELF = YES;
				CLANG_WARN_OBJC_LITERAL_CONVERSION = YES;
				CLANG_WARN_OBJC_ROOT_CLASS = YES_ERROR;
				CLANG_WARN_RANGE_LOOP_ANALYSIS = YES;
				CLANG_WARN_STRICT_PROTOTYPES = YES;
				CLANG_WARN_SUSPICIOUS_MOVE = YES;
				CLANG_WARN_UNGUARDED_AVAILABILITY = YES_AGGRESSIVE;
				CLANG_WARN_UNREACHABLE_CODE = YES;
				CLANG_WARN__DUPLICATE_METHOD_MATCH = YES;
				CODE_SIGN_IDENTITY = "iPhone Developer";
				COPY_PHASE_STRIP = NO;
				DEBUG_INFORMATION_FORMAT = dwarf;
				ENABLE_STRICT_OBJC_MSGSEND = YES;
				ENABLE_TESTABILITY = YES;
				GCC_C_LANGUAGE_STANDARD = gnu11;
				GCC_DYNAMIC_NO_PIC = NO;
				GCC_NO_COMMON_BLOCKS = YES;
				GCC_OPTIMIZATION_LEVEL = 0;
				GCC_PREPROCESSOR_DEFINITIONS = (
					"DEBUG=1",
					"$(inherited)",
				);
				GCC_WARN_64_TO_32_BIT_CONVERSION = YES;
				GCC_WARN_ABOUT_RETURN_TYPE = YES_ERROR;
				GCC_WARN_UNDECLARED_SELECTOR = YES;
				GCC_WARN_UNINITIALIZED_AUTOS = YES_AGGRESSIVE;
				GCC_WARN_UNUSED_FUNCTION = YES;
				GCC_WARN_UNUSED_VARIABLE = YES;
				IPHONEOS_DEPLOYMENT_TARGET = 11.4;
				MTL_ENABLE_DEBUG_INFO = YES;
				ONLY_ACTIVE_ARCH = YES;
				SDKROOT = iphoneos;
				SWIFT_ACTIVE_COMPILATION_CONDITIONS = DEBUG;
				SWIFT_OPTIMIZATION_LEVEL = "-Onone";
			};
			name = Debug;
		};
		C5B316CE20ECB00100AF6C9E /* Release */ = {
			isa = XCBuildConfiguration;
			buildSettings = {
				ALWAYS_SEARCH_USER_PATHS = NO;
				CLANG_ANALYZER_NONNULL = YES;
				CLANG_ANALYZER_NUMBER_OBJECT_CONVERSION = YES_AGGRESSIVE;
				CLANG_CXX_LANGUAGE_STANDARD = "gnu++14";
				CLANG_CXX_LIBRARY = "libc++";
				CLANG_ENABLE_MODULES = YES;
				CLANG_ENABLE_OBJC_ARC = YES;
				CLANG_ENABLE_OBJC_WEAK = YES;
				CLANG_WARN_BLOCK_CAPTURE_AUTORELEASING = YES;
				CLANG_WARN_BOOL_CONVERSION = YES;
				CLANG_WARN_COMMA = YES;
				CLANG_WARN_CONSTANT_CONVERSION = YES;
				CLANG_WARN_DEPRECATED_OBJC_IMPLEMENTATIONS = YES;
				CLANG_WARN_DIRECT_OBJC_ISA_USAGE = YES_ERROR;
				CLANG_WARN_DOCUMENTATION_COMMENTS = YES;
				CLANG_WARN_EMPTY_BODY = YES;
				CLANG_WARN_ENUM_CONVERSION = YES;
				CLANG_WARN_INFINITE_RECURSION = YES;
				CLANG_WARN_INT_CONVERSION = YES;
				CLANG_WARN_NON_LITERAL_NULL_CONVERSION = YES;
				CLANG_WARN_OBJC_IMPLICIT_RETAIN_SELF = YES;
				CLANG_WARN_OBJC_LITERAL_CONVERSION = YES;
				CLANG_WARN_OBJC_ROOT_CLASS = YES_ERROR;
				CLANG_WARN_RANGE_LOOP_ANALYSIS = YES;
				CLANG_WARN_STRICT_PROTOTYPES = YES;
				CLANG_WARN_SUSPICIOUS_MOVE = YES;
				CLANG_WARN_UNGUARDED_AVAILABILITY = YES_AGGRESSIVE;
				CLANG_WARN_UNREACHABLE_CODE = YES;
				CLANG_WARN__DUPLICATE_METHOD_MATCH = YES;
				CODE_SIGN_IDENTITY = "iPhone Developer";
				COPY_PHASE_STRIP = NO;
				DEBUG_INFORMATION_FORMAT = "dwarf-with-dsym";
				ENABLE_NS_ASSERTIONS = NO;
				ENABLE_STRICT_OBJC_MSGSEND = YES;
				GCC_C_LANGUAGE_STANDARD = gnu11;
				GCC_NO_COMMON_BLOCKS = YES;
				GCC_WARN_64_TO_32_BIT_CONVERSION = YES;
				GCC_WARN_ABOUT_RETURN_TYPE = YES_ERROR;
				GCC_WARN_UNDECLARED_SELECTOR = YES;
				GCC_WARN_UNINITIALIZED_AUTOS = YES_AGGRESSIVE;
				GCC_WARN_UNUSED_FUNCTION = YES;
				GCC_WARN_UNUSED_VARIABLE = YES;
				IPHONEOS_DEPLOYMENT_TARGET = 11.4;
				MTL_ENABLE_DEBUG_INFO = NO;
				SDKROOT = iphoneos;
				SWIFT_COMPILATION_MODE = wholemodule;
				SWIFT_OPTIMIZATION_LEVEL = "-O";
				VALIDATE_PRODUCT = YES;
			};
			name = Release;
		};
		C5B316D020ECB00100AF6C9E /* Debug */ = {
			isa = XCBuildConfiguration;
			baseConfigurationReference = 2F0CE72FCEDD6488B7FB0399 /* Pods-Toolbox.debug.xcconfig */;
			buildSettings = {
				ASSETCATALOG_COMPILER_APPICON_NAME = AppIcon;
				CODE_SIGN_STYLE = Automatic;
				DEVELOPMENT_TEAM = 39ZQJ6X5K8;
				INFOPLIST_FILE = Toolbox/Info.plist;
				LD_RUNPATH_SEARCH_PATHS = (
					"$(inherited)",
					"@executable_path/Frameworks",
				);
				PRODUCT_BUNDLE_IDENTIFIER = "Dantong-Jin.Toolbox";
				PRODUCT_NAME = "$(TARGET_NAME)";
				SWIFT_VERSION = 4.0;
				TARGETED_DEVICE_FAMILY = "1,2";
			};
			name = Debug;
		};
		C5B316D120ECB00100AF6C9E /* Release */ = {
			isa = XCBuildConfiguration;
			baseConfigurationReference = F526EF1EF3B0A2C5A35D2A57 /* Pods-Toolbox.release.xcconfig */;
			buildSettings = {
				ASSETCATALOG_COMPILER_APPICON_NAME = AppIcon;
				CODE_SIGN_STYLE = Automatic;
				DEVELOPMENT_TEAM = 39ZQJ6X5K8;
				INFOPLIST_FILE = Toolbox/Info.plist;
				LD_RUNPATH_SEARCH_PATHS = (
					"$(inherited)",
					"@executable_path/Frameworks",
				);
				PRODUCT_BUNDLE_IDENTIFIER = "Dantong-Jin.Toolbox";
				PRODUCT_NAME = "$(TARGET_NAME)";
				SWIFT_VERSION = 4.0;
				TARGETED_DEVICE_FAMILY = "1,2";
			};
			name = Release;
		};
/* End XCBuildConfiguration section */

/* Begin XCConfigurationList section */
		C5B316B820ECB00000AF6C9E /* Build configuration list for PBXProject "Toolbox" */ = {
			isa = XCConfigurationList;
			buildConfigurations = (
				C5B316CD20ECB00100AF6C9E /* Debug */,
				C5B316CE20ECB00100AF6C9E /* Release */,
			);
			defaultConfigurationIsVisible = 0;
			defaultConfigurationName = Release;
		};
		C5B316CF20ECB00100AF6C9E /* Build configuration list for PBXNativeTarget "Toolbox" */ = {
			isa = XCConfigurationList;
			buildConfigurations = (
				C5B316D020ECB00100AF6C9E /* Debug */,
				C5B316D120ECB00100AF6C9E /* Release */,
			);
			defaultConfigurationIsVisible = 0;
			defaultConfigurationName = Release;
		};
/* End XCConfigurationList section */
	};
	rootObject = C5B316B520ECB00000AF6C9E /* Project object */;
}
